
Microsoft Visual Studio Solution File, Format Version 12.00
# Visual Studio 15
VisualStudioVersion = 15.0.28010.2041
MinimumVisualStudioVersion = 10.0.40219.1
Project("{FAE04EC0-301F-11D3-BF4B-00C04F79EFBC}") = "XML-CSV Converter", "csv-xml formu\XML-CSV Converter.csproj", "{12B5FEA0-F026-482B-94E4-70D25777B6A1}"
EndProject
Global
	GlobalSection(SolutionConfigurationPlatforms) = preSolution
		Debug|Any CPU = Debug|Any CPU
		Release|Any CPU = Release|Any CPU
	EndGlobalSection
	GlobalSection(ProjectConfigurationPlatforms) = postSolution
		{12B5FEA0-F026-482B-94E4-70D25777B6A1}.Debug|Any CPU.ActiveCfg = Debug|Any CPU
		{12B5FEA0-F026-482B-94E4-70D25777B6A1}.Debug|Any CPU.Build.0 = Debug|Any CPU
		{12B5FEA0-F026-482B-94E4-70D25777B6A1}.Release|Any CPU.ActiveCfg = Release|Any CPU
		{12B5FEA0-F026-482B-94E4-70D25777B6A1}.Release|Any CPU.Build.0 = Release|Any CPU
	EndGlobalSection
	GlobalSection(SolutionProperties) = preSolution
		HideSolutionNode = FALSE
	EndGlobalSection
	GlobalSection(ExtensibilityGlobals) = postSolution
		SolutionGuid = {6169C533-F5AE-46EC-B414-D86CF4F9E8D1}
	EndGlobalSection
EndGlobal
